
Microsoft Visual Studio Solution File, Format Version 12.00
# Visual Studio Version 17
VisualStudioVersion = 17.11.35327.3
MinimumVisualStudioVersion = 10.0.40219.1
Project("{FAE04EC0-301F-11D3-BF4B-00C04F79EFBC}") = "Assignment 7.1.1", "Assignment 7.1.1.csproj", "{BCBA21F8-4672-4B06-BCC7-CA51AE32A8D1}"
EndProject
Global
	GlobalSection(SolutionConfigurationPlatforms) = preSolution
		Debug|Any CPU = Debug|Any CPU
		Release|Any CPU = Release|Any CPU
	EndGlobalSection
	GlobalSection(ProjectConfigurationPlatforms) = postSolution
		{BCBA21F8-4672-4B06-BCC7-CA51AE32A8D1}.Debug|Any CPU.ActiveCfg = Debug|Any CPU
		{BCBA21F8-4672-4B06-BCC7-CA51AE32A8D1}.Debug|Any CPU.Build.0 = Debug|Any CPU
		{BCBA21F8-4672-4B06-BCC7-CA51AE32A8D1}.Release|Any CPU.ActiveCfg = Release|Any CPU
		{BCBA21F8-4672-4B06-BCC7-CA51AE32A8D1}.Release|Any CPU.Build.0 = Release|Any CPU
	EndGlobalSection
	GlobalSection(SolutionProperties) = preSolution
		HideSolutionNode = FALSE
	EndGlobalSection
	GlobalSection(ExtensibilityGlobals) = postSolution
		SolutionGuid = {3A01DA76-5C72-48AA-BFAA-25435C87879C}
	EndGlobalSection
EndGlobal
